# THIS IS AN AUTOGENERATED FILE. DO NOT EDIT THIS FILE DIRECTLY.
# yarn lockfile v1


angular-route@^1.7.5:
  version "1.7.5"
  resolved "https://registry.yarnpkg.com/angular-route/-/angular-route-1.7.5.tgz#34a3648c407a14a030d075cf485318e33ba23f0e"
  integrity sha512-7KfyEVVOWTI+jTY/j5rUNCIHGRyeCOx7YqZI/Ci3IbDK7GIsy6xH+hS5ai0Xi0sLjzDZ0PUDO4gBn+K0dVtlOg==

angular-sanitize@^1.7.5:
  version "1.7.5"
  resolved "https://registry.yarnpkg.com/angular-sanitize/-/angular-sanitize-1.7.5.tgz#75d49e15071ca9c70581e76d20940f26372e24d2"
  integrity sha512-wjKCJOIwrkEvfD0keTnKGi6We13gtoCAQIHcdoqyoo3gwvcgNfYymVQIS3+iCGVcjfWz0jHuS3KgB4ysRWsTTA==

angular@^1.7.5:
  version "1.7.5"
  resolved "https://registry.yarnpkg.com/angular/-/angular-1.7.5.tgz#d1c1c01c6f5dc835638f3f9aa51012857bdac49e"
  integrity sha512-760183yxtGzni740IBTieNuWLtPNAoMqvmC0Z62UoU0I3nqk+VJuO3JbQAXOyvo3Oy/ZsdNQwrSTh/B0OQZjNw==

bootstrap@^4.3.1:
  version "4.3.1"
  resolved "https://registry.yarnpkg.com/bootstrap/-/bootstrap-4.3.1.tgz#280ca8f610504d99d7b6b4bfc4b68cec601704ac"
  integrity sha512-rXqOmH1VilAt2DyPzluTi2blhk17bO7ef+zLLPlWvG494pDxcM234pJ8wTc/6R40UWizAIIMgxjvxZg5kmsbag==
